
Microsoft Visual Studio Solution File, Format Version 12.00
# Visual Studio Version 17
VisualStudioVersion = 17.1.32328.378
MinimumVisualStudioVersion = 10.0.40219.1
Project("{FAE04EC0-301F-11D3-BF4B-00C04F79EFBC}") = "MyCalcClient", "MyCalcClient\MyCalcClient.csproj", "{11C4AADB-896D-4358-B917-52B50A0357DF}"
EndProject
Global
	GlobalSection(SolutionConfigurationPlatforms) = preSolution
		Debug|Any CPU = Debug|Any CPU
		Release|Any CPU = Release|Any CPU
	EndGlobalSection
	GlobalSection(ProjectConfigurationPlatforms) = postSolution
		{11C4AADB-896D-4358-B917-52B50A0357DF}.Debug|Any CPU.ActiveCfg = Debug|Any CPU
		{11C4AADB-896D-4358-B917-52B50A0357DF}.Debug|Any CPU.Build.0 = Debug|Any CPU
		{11C4AADB-896D-4358-B917-52B50A0357DF}.Release|Any CPU.ActiveCfg = Release|Any CPU
		{11C4AADB-896D-4358-B917-52B50A0357DF}.Release|Any CPU.Build.0 = Release|Any CPU
	EndGlobalSection
	GlobalSection(SolutionProperties) = preSolution
		HideSolutionNode = FALSE
	EndGlobalSection
	GlobalSection(ExtensibilityGlobals) = postSolution
		SolutionGuid = {90ED0AE9-B859-4EB6-9A53-6280B90807E3}
	EndGlobalSection
EndGlobal
